
Microsoft Visual Studio Solution File, Format Version 12.00
# Visual Studio Version 17
VisualStudioVersion = 17.0.32112.339
MinimumVisualStudioVersion = 10.0.40219.1
Project("{9A19103F-16F7-4668-BE54-9A1E7A4F7556}") = "TJCMCRM.API", "TJCMCRM.API\TJCMCRM.API.csproj", "{FCE7BE11-807F-4EAA-9D00-E7E9AF16F8A0}"
EndProject
Project("{2150E333-8FDC-42A3-9474-1A3956D46DE8}") = "src", "src", "{E1F373D8-10F5-4847-88F9-F429674EF6E3}"
EndProject
Project("{2150E333-8FDC-42A3-9474-1A3956D46DE8}") = "core", "core", "{5B49D956-9E95-4DD1-ADB4-CFEBFC848309}"
EndProject
Project("{2150E333-8FDC-42A3-9474-1A3956D46DE8}") = "infrastructure", "infrastructure", "{889B1E17-03BF-4516-8B1C-9914D92882E4}"
EndProject
Project("{2150E333-8FDC-42A3-9474-1A3956D46DE8}") = "presentation", "presentation", "{6B984211-E46A-42DC-A86A-B1069948F4CF}"
EndProject
Project("{9A19103F-16F7-4668-BE54-9A1E7A4F7556}") = "Application", "Application\Application.csproj", "{D80F1D9B-A65C-4D73-993A-9AC2FF392784}"
EndProject
Project("{9A19103F-16F7-4668-BE54-9A1E7A4F7556}") = "Domain", "Domain\Domain.csproj", "{CFBCDD1E-0846-4FD6-B26A-8CAF3EEEAB23}"
EndProject
Project("{9A19103F-16F7-4668-BE54-9A1E7A4F7556}") = "Persistence", "Persistence\Persistence.csproj", "{98B820E5-C34E-4251-98DE-E653F204F6DC}"
EndProject
Project("{9A19103F-16F7-4668-BE54-9A1E7A4F7556}") = "Shared", "Shared\Shared.csproj", "{A9685297-CA3F-445A-BB63-374C4E81C6B6}"
EndProject
Global
	GlobalSection(SolutionConfigurationPlatforms) = preSolution
		Debug|Any CPU = Debug|Any CPU
		Debug|x64 = Debug|x64
		Debug|x86 = Debug|x86
		Release|Any CPU = Release|Any CPU
		Release|x64 = Release|x64
		Release|x86 = Release|x86
	EndGlobalSection
	GlobalSection(ProjectConfigurationPlatforms) = postSolution
		{FCE7BE11-807F-4EAA-9D00-E7E9AF16F8A0}.Debug|Any CPU.ActiveCfg = Debug|x86
		{FCE7BE11-807F-4EAA-9D00-E7E9AF16F8A0}.Debug|Any CPU.Build.0 = Debug|x86
		{FCE7BE11-807F-4EAA-9D00-E7E9AF16F8A0}.Debug|x64.ActiveCfg = Debug|x64
		{FCE7BE11-807F-4EAA-9D00-E7E9AF16F8A0}.Debug|x64.Build.0 = Debug|x64
		{FCE7BE11-807F-4EAA-9D00-E7E9AF16F8A0}.Debug|x86.ActiveCfg = Debug|x86
		{FCE7BE11-807F-4EAA-9D00-E7E9AF16F8A0}.Debug|x86.Build.0 = Debug|x86
		{FCE7BE11-807F-4EAA-9D00-E7E9AF16F8A0}.Release|Any CPU.ActiveCfg = Release|Any CPU
		{FCE7BE11-807F-4EAA-9D00-E7E9AF16F8A0}.Release|Any CPU.Build.0 = Release|Any CPU
		{FCE7BE11-807F-4EAA-9D00-E7E9AF16F8A0}.Release|x64.ActiveCfg = Release|x64
		{FCE7BE11-807F-4EAA-9D00-E7E9AF16F8A0}.Release|x64.Build.0 = Release|x64
		{FCE7BE11-807F-4EAA-9D00-E7E9AF16F8A0}.Release|x86.ActiveCfg = Release|x86
		{FCE7BE11-807F-4EAA-9D00-E7E9AF16F8A0}.Release|x86.Build.0 = Release|x86
		{D80F1D9B-A65C-4D73-993A-9AC2FF392784}.Debug|Any CPU.ActiveCfg = Debug|x86
		{D80F1D9B-A65C-4D73-993A-9AC2FF392784}.Debug|Any CPU.Build.0 = Debug|x86
		{D80F1D9B-A65C-4D73-993A-9AC2FF392784}.Debug|x64.ActiveCfg = Debug|x64
		{D80F1D9B-A65C-4D73-993A-9AC2FF392784}.Debug|x64.Build.0 = Debug|x64
		{D80F1D9B-A65C-4D73-993A-9AC2FF392784}.Debug|x86.ActiveCfg = Debug|x86
		{D80F1D9B-A65C-4D73-993A-9AC2FF392784}.Debug|x86.Build.0 = Debug|x86
		{D80F1D9B-A65C-4D73-993A-9AC2FF392784}.Release|Any CPU.ActiveCfg = Release|Any CPU
		{D80F1D9B-A65C-4D73-993A-9AC2FF392784}.Release|Any CPU.Build.0 = Release|Any CPU
		{D80F1D9B-A65C-4D73-993A-9AC2FF392784}.Release|x64.ActiveCfg = Release|x64
		{D80F1D9B-A65C-4D73-993A-9AC2FF392784}.Release|x64.Build.0 = Release|x64
		{D80F1D9B-A65C-4D73-993A-9AC2FF392784}.Release|x86.ActiveCfg = Release|x86
		{D80F1D9B-A65C-4D73-993A-9AC2FF392784}.Release|x86.Build.0 = Release|x86
		{CFBCDD1E-0846-4FD6-B26A-8CAF3EEEAB23}.Debug|Any CPU.ActiveCfg = Debug|x86
		{CFBCDD1E-0846-4FD6-B26A-8CAF3EEEAB23}.Debug|Any CPU.Build.0 = Debug|x86
		{CFBCDD1E-0846-4FD6-B26A-8CAF3EEEAB23}.Debug|x64.ActiveCfg = Debug|x64
		{CFBCDD1E-0846-4FD6-B26A-8CAF3EEEAB23}.Debug|x64.Build.0 = Debug|x64
		{CFBCDD1E-0846-4FD6-B26A-8CAF3EEEAB23}.Debug|x86.ActiveCfg = Debug|x86
		{CFBCDD1E-0846-4FD6-B26A-8CAF3EEEAB23}.Debug|x86.Build.0 = Debug|x86
		{CFBCDD1E-0846-4FD6-B26A-8CAF3EEEAB23}.Release|Any CPU.ActiveCfg = Release|Any CPU
		{CFBCDD1E-0846-4FD6-B26A-8CAF3EEEAB23}.Release|Any CPU.Build.0 = Release|Any CPU
		{CFBCDD1E-0846-4FD6-B26A-8CAF3EEEAB23}.Release|x64.ActiveCfg = Release|x64
		{CFBCDD1E-0846-4FD6-B26A-8CAF3EEEAB23}.Release|x64.Build.0 = Release|x64
		{CFBCDD1E-0846-4FD6-B26A-8CAF3EEEAB23}.Release|x86.ActiveCfg = Release|x86
		{CFBCDD1E-0846-4FD6-B26A-8CAF3EEEAB23}.Release|x86.Build.0 = Release|x86
		{98B820E5-C34E-4251-98DE-E653F204F6DC}.Debug|Any CPU.ActiveCfg = Debug|x86
		{98B820E5-C34E-4251-98DE-E653F204F6DC}.Debug|Any CPU.Build.0 = Debug|x86
		{98B820E5-C34E-4251-98DE-E653F204F6DC}.Debug|x64.ActiveCfg = Debug|x64
		{98B820E5-C34E-4251-98DE-E653F204F6DC}.Debug|x64.Build.0 = Debug|x64
		{98B820E5-C34E-4251-98DE-E653F204F6DC}.Debug|x86.ActiveCfg = Debug|x86
		{98B820E5-C34E-4251-98DE-E653F204F6DC}.Debug|x86.Build.0 = Debug|x86
		{98B820E5-C34E-4251-98DE-E653F204F6DC}.Release|Any CPU.ActiveCfg = Release|Any CPU
		{98B820E5-C34E-4251-98DE-E653F204F6DC}.Release|Any CPU.Build.0 = Release|Any CPU
		{98B820E5-C34E-4251-98DE-E653F204F6DC}.Release|x64.ActiveCfg = Release|x64
		{98B820E5-C34E-4251-98DE-E653F204F6DC}.Release|x64.Build.0 = Release|x64
		{98B820E5-C34E-4251-98DE-E653F204F6DC}.Release|x86.ActiveCfg = Release|x86
		{98B820E5-C34E-4251-98DE-E653F204F6DC}.Release|x86.Build.0 = Release|x86
		{A9685297-CA3F-445A-BB63-374C4E81C6B6}.Debug|Any CPU.ActiveCfg = Debug|x86
		{A9685297-CA3F-445A-BB63-374C4E81C6B6}.Debug|Any CPU.Build.0 = Debug|x86
		{A9685297-CA3F-445A-BB63-374C4E81C6B6}.Debug|x64.ActiveCfg = Debug|x64
		{A9685297-CA3F-445A-BB63-374C4E81C6B6}.Debug|x64.Build.0 = Debug|x64
		{A9685297-CA3F-445A-BB63-374C4E81C6B6}.Debug|x86.ActiveCfg = Debug|x86
		{A9685297-CA3F-445A-BB63-374C4E81C6B6}.Debug|x86.Build.0 = Debug|x86
		{A9685297-CA3F-445A-BB63-374C4E81C6B6}.Release|Any CPU.ActiveCfg = Release|Any CPU
		{A9685297-CA3F-445A-BB63-374C4E81C6B6}.Release|Any CPU.Build.0 = Release|Any CPU
		{A9685297-CA3F-445A-BB63-374C4E81C6B6}.Release|x64.ActiveCfg = Release|x64
		{A9685297-CA3F-445A-BB63-374C4E81C6B6}.Release|x64.Build.0 = Release|x64
		{A9685297-CA3F-445A-BB63-374C4E81C6B6}.Release|x86.ActiveCfg = Release|x86
		{A9685297-CA3F-445A-BB63-374C4E81C6B6}.Release|x86.Build.0 = Release|x86
	EndGlobalSection
	GlobalSection(SolutionProperties) = preSolution
		HideSolutionNode = FALSE
	EndGlobalSection
	GlobalSection(NestedProjects) = preSolution
		{FCE7BE11-807F-4EAA-9D00-E7E9AF16F8A0} = {6B984211-E46A-42DC-A86A-B1069948F4CF}
		{5B49D956-9E95-4DD1-ADB4-CFEBFC848309} = {E1F373D8-10F5-4847-88F9-F429674EF6E3}
		{889B1E17-03BF-4516-8B1C-9914D92882E4} = {E1F373D8-10F5-4847-88F9-F429674EF6E3}
		{6B984211-E46A-42DC-A86A-B1069948F4CF} = {E1F373D8-10F5-4847-88F9-F429674EF6E3}
		{D80F1D9B-A65C-4D73-993A-9AC2FF392784} = {5B49D956-9E95-4DD1-ADB4-CFEBFC848309}
		{CFBCDD1E-0846-4FD6-B26A-8CAF3EEEAB23} = {5B49D956-9E95-4DD1-ADB4-CFEBFC848309}
		{98B820E5-C34E-4251-98DE-E653F204F6DC} = {889B1E17-03BF-4516-8B1C-9914D92882E4}
		{A9685297-CA3F-445A-BB63-374C4E81C6B6} = {889B1E17-03BF-4516-8B1C-9914D92882E4}
	EndGlobalSection
	GlobalSection(ExtensibilityGlobals) = postSolution
		SolutionGuid = {B1CB6187-2EF1-411A-8D44-2AACC13D168B}
	EndGlobalSection
EndGlobal
